
Microsoft Visual Studio Solution File, Format Version 12.00
# Visual Studio Version 16
VisualStudioVersion = 16.0.30523.141
MinimumVisualStudioVersion = 10.0.40219.1
Project("{9092AA53-FB77-4645-B42D-1CCCA6BD08BD}") = "AngularJSDemo", "AngularJSDemo\AngularJSDemo.njsproj", "{4B11FB1F-9C6F-4E60-B850-ADB6463CD2A3}"
EndProject
Global
	GlobalSection(SolutionConfigurationPlatforms) = preSolution
		Debug|Any CPU = Debug|Any CPU
		Release|Any CPU = Release|Any CPU
	EndGlobalSection
	GlobalSection(ProjectConfigurationPlatforms) = postSolution
		{4B11FB1F-9C6F-4E60-B850-ADB6463CD2A3}.Debug|Any CPU.ActiveCfg = Debug|Any CPU
		{4B11FB1F-9C6F-4E60-B850-ADB6463CD2A3}.Debug|Any CPU.Build.0 = Debug|Any CPU
		{4B11FB1F-9C6F-4E60-B850-ADB6463CD2A3}.Release|Any CPU.ActiveCfg = Release|Any CPU
		{4B11FB1F-9C6F-4E60-B850-ADB6463CD2A3}.Release|Any CPU.Build.0 = Release|Any CPU
	EndGlobalSection
	GlobalSection(SolutionProperties) = preSolution
		HideSolutionNode = FALSE
	EndGlobalSection
	GlobalSection(ExtensibilityGlobals) = postSolution
		SolutionGuid = {EA5A0019-7130-441B-AA4B-33A2B68583A0}
	EndGlobalSection
EndGlobal
