{
  "name": "angular-jsdemo",
  "version": "0.0.0",
  "lockfileVersion": 3,
  "requires": true,
  "packages": {
    "": {
      "name": "angular-jsdemo",
      "version": "0.0.0",
      "dependencies": {
        "angular-jsdemo": "file:"
      }
    },
    "node_modules/angular-jsdemo": {
      "resolved": "",
      "link": true
    }
  }
}
